// !$*UTF8*$!
{
	archiveVersion = 1;
	classes = {
	};
	objectVersion = 56;
	objects = {

/* Begin PBXBuildFile section */
		AEED0D942B07629C00600A9B /* AppDelegate.swift in Sources */ = {isa = PBXBuildFile; fileRef = AEED0D932B07629C00600A9B /* AppDelegate.swift */; };
		AEED0D962B07629C00600A9B /* SceneDelegate.swift in Sources */ = {isa = PBXBuildFile; fileRef = AEED0D952B07629C00600A9B /* SceneDelegate.swift */; };
		AEED0D9B2B07629C00600A9B /* Main.storyboard in Resources */ = {isa = PBXBuildFile; fileRef = AEED0D992B07629C00600A9B /* Main.storyboard */; };
		AEED0D9D2B07629D00600A9B /* Assets.xcassets in Resources */ = {isa = PBXBuildFile; fileRef = AEED0D9C2B07629D00600A9B /* Assets.xcassets */; };
		AEED0DA02B07629D00600A9B /* LaunchScreen.storyboard in Resources */ = {isa = PBXBuildFile; fileRef = AEED0D9E2B07629D00600A9B /* LaunchScreen.storyboard */; };
		AEED0DAE2B07633500600A9B /* Networking.swift in Sources */ = {isa = PBXBuildFile; fileRef = AEED0DAD2B07633500600A9B /* Networking.swift */; };
		AEED0DB02B07634400600A9B /* Beer.swift in Sources */ = {isa = PBXBuildFile; fileRef = AEED0DAF2B07634400600A9B /* Beer.swift */; };
		AEED0DB22B07654300600A9B /* CustomCollectionViewCell.swift in Sources */ = {isa = PBXBuildFile; fileRef = AEED0DB12B07654300600A9B /* CustomCollectionViewCell.swift */; };
		AEED0DB42B07656C00600A9B /* BeersCollectionViewController.swift in Sources */ = {isa = PBXBuildFile; fileRef = AEED0DB32B07656C00600A9B /* BeersCollectionViewController.swift */; };
		AEED0DB62B07ADCC00600A9B /* DetailsViewController.swift in Sources */ = {isa = PBXBuildFile; fileRef = AEED0DB52B07ADCC00600A9B /* DetailsViewController.swift */; };
		AEED96EA2B0E2034007B414B /* ImageCache.swift in Sources */ = {isa = PBXBuildFile; fileRef = AEED96E92B0E2034007B414B /* ImageCache.swift */; };
/* End PBXBuildFile section */

/* Begin PBXFileReference section */
		AEED0D902B07629C00600A9B /* Beers.app */ = {isa = PBXFileReference; explicitFileType = wrapper.application; includeInIndex = 0; path = Beers.app; sourceTree = BUILT_PRODUCTS_DIR; };
		AEED0D932B07629C00600A9B /* AppDelegate.swift */ = {isa = PBXFileReference; lastKnownFileType = sourcecode.swift; path = AppDelegate.swift; sourceTree = "<group>"; };
		AEED0D952B07629C00600A9B /* SceneDelegate.swift */ = {isa = PBXFileReference; lastKnownFileType = sourcecode.swift; path = SceneDelegate.swift; sourceTree = "<group>"; };
		AEED0D9A2B07629C00600A9B /* Base */ = {isa = PBXFileReference; lastKnownFileType = file.storyboard; name = Base; path = Base.lproj/Main.storyboard; sourceTree = "<group>"; };
		AEED0D9C2B07629D00600A9B /* Assets.xcassets */ = {isa = PBXFileReference; lastKnownFileType = folder.assetcatalog; path = Assets.xcassets; sourceTree = "<group>"; };
		AEED0D9F2B07629D00600A9B /* Base */ = {isa = PBXFileReference; lastKnownFileType = file.storyboard; name = Base; path = Base.lproj/LaunchScreen.storyboard; sourceTree = "<group>"; };
		AEED0DA12B07629D00600A9B /* Info.plist */ = {isa = PBXFileReference; lastKnownFileType = text.plist.xml; path = Info.plist; sourceTree = "<group>"; };
		AEED0DAD2B07633500600A9B /* Networking.swift */ = {isa = PBXFileReference; lastKnownFileType = sourcecode.swift; path = Networking.swift; sourceTree = "<group>"; };
		AEED0DAF2B07634400600A9B /* Beer.swift */ = {isa = PBXFileReference; lastKnownFileType = sourcecode.swift; path = Beer.swift; sourceTree = "<group>"; };
		AEED0DB12B07654300600A9B /* CustomCollectionViewCell.swift */ = {isa = PBXFileReference; lastKnownFileType = sourcecode.swift; path = CustomCollectionViewCell.swift; sourceTree = "<group>"; };
		AEED0DB32B07656C00600A9B /* BeersCollectionViewController.swift */ = {isa = PBXFileReference; lastKnownFileType = sourcecode.swift; path = BeersCollectionViewController.swift; sourceTree = "<group>"; };
		AEED0DB52B07ADCC00600A9B /* DetailsViewController.swift */ = {isa = PBXFileReference; lastKnownFileType = sourcecode.swift; path = DetailsViewController.swift; sourceTree = "<group>"; };
		AEED96E92B0E2034007B414B /* ImageCache.swift */ = {isa = PBXFileReference; lastKnownFileType = sourcecode.swift; path = ImageCache.swift; sourceTree = "<group>"; };
/* End PBXFileReference section */

/* Begin PBXFrameworksBuildPhase section */
		AEED0D8D2B07629C00600A9B /* Frameworks */ = {
			isa = PBXFrameworksBuildPhase;
			buildActionMask = 2147483647;
			files = (
			);
			runOnlyForDeploymentPostprocessing = 0;
		};
/* End PBXFrameworksBuildPhase section */

/* Begin PBXGroup section */
		AEED0D872B07629C00600A9B = {
			isa = PBXGroup;
			children = (
				AEED0D922B07629C00600A9B /* Beers */,
				AEED0D912B07629C00600A9B /* Products */,
			);
			sourceTree = "<group>";
		};
		AEED0D912B07629C00600A9B /* Products */ = {
			isa = PBXGroup;
			children = (
				AEED0D902B07629C00600A9B /* Beers.app */,
			);
			name = Products;
			sourceTree = "<group>";
		};
		AEED0D922B07629C00600A9B /* Beers */ = {
			isa = PBXGroup;
			children = (
				AEED0DAC2B07630D00600A9B /* Services */,
				AEED0DAB2B07630400600A9B /* Models */,
				AEED0DA72B0762AF00600A9B /* ViewControllers */,
				AEED0DA82B0762C200600A9B /* StoryBoards */,
				AEED0DAA2B0762E800600A9B /* Resourse */,
				AEED0DA92B0762D200600A9B /* App */,
			);
			path = Beers;
			sourceTree = "<group>";
		};
		AEED0DA72B0762AF00600A9B /* ViewControllers */ = {
			isa = PBXGroup;
			children = (
				AEED0DB12B07654300600A9B /* CustomCollectionViewCell.swift */,
				AEED0DB32B07656C00600A9B /* BeersCollectionViewController.swift */,
				AEED0DB52B07ADCC00600A9B /* DetailsViewController.swift */,
			);
			path = ViewControllers;
			sourceTree = "<group>";
		};
		AEED0DA82B0762C200600A9B /* StoryBoards */ = {
			isa = PBXGroup;
			children = (
				AEED0D992B07629C00600A9B /* Main.storyboard */,
				AEED0D9E2B07629D00600A9B /* LaunchScreen.storyboard */,
			);
			path = StoryBoards;
			sourceTree = "<group>";
		};
		AEED0DA92B0762D200600A9B /* App */ = {
			isa = PBXGroup;
			children = (
				AEED0D932B07629C00600A9B /* AppDelegate.swift */,
				AEED0D952B07629C00600A9B /* SceneDelegate.swift */,
				AEED0DA12B07629D00600A9B /* Info.plist */,
			);
			path = App;
			sourceTree = "<group>";
		};
		AEED0DAA2B0762E800600A9B /* Resourse */ = {
			isa = PBXGroup;
			children = (
				AEED0D9C2B07629D00600A9B /* Assets.xcassets */,
			);
			path = Resourse;
			sourceTree = "<group>";
		};
		AEED0DAB2B07630400600A9B /* Models */ = {
			isa = PBXGroup;
			children = (
				AEED0DAF2B07634400600A9B /* Beer.swift */,
			);
			path = Models;
			sourceTree = "<group>";
		};
		AEED0DAC2B07630D00600A9B /* Services */ = {
			isa = PBXGroup;
			children = (
				AEED0DAD2B07633500600A9B /* Networking.swift */,
				AEED96E92B0E2034007B414B /* ImageCache.swift */,
			);
			path = Services;
			sourceTree = "<group>";
		};
/* End PBXGroup section */

/* Begin PBXNativeTarget section */
		AEED0D8F2B07629C00600A9B /* Beers */ = {
			isa = PBXNativeTarget;
			buildConfigurationList = AEED0DA42B07629D00600A9B /* Build configuration list for PBXNativeTarget "Beers" */;
			buildPhases = (
				AEED0D8C2B07629C00600A9B /* Sources */,
				AEED0D8D2B07629C00600A9B /* Frameworks */,
				AEED0D8E2B07629C00600A9B /* Resources */,
			);
			buildRules = (
			);
			dependencies = (
			);
			name = Beers;
			productName = Beers;
			productReference = AEED0D902B07629C00600A9B /* Beers.app */;
			productType = "com.apple.product-type.application";
		};
/* End PBXNativeTarget section */

/* Begin PBXProject section */
		AEED0D882B07629C00600A9B /* Project object */ = {
			isa = PBXProject;
			attributes = {
				BuildIndependentTargetsInParallel = 1;
				LastSwiftUpdateCheck = 1500;
				LastUpgradeCheck = 1500;
				TargetAttributes = {
					AEED0D8F2B07629C00600A9B = {
						CreatedOnToolsVersion = 15.0.1;
					};
				};
			};
			buildConfigurationList = AEED0D8B2B07629C00600A9B /* Build configuration list for PBXProject "Beers" */;
			compatibilityVersion = "Xcode 14.0";
			developmentRegion = en;
			hasScannedForEncodings = 0;
			knownRegions = (
				en,
				Base,
			);
			mainGroup = AEED0D872B07629C00600A9B;
			productRefGroup = AEED0D912B07629C00600A9B /* Products */;
			projectDirPath = "";
			projectRoot = "";
			targets = (
				AEED0D8F2B07629C00600A9B /* Beers */,
			);
		};
/* End PBXProject section */

/* Begin PBXResourcesBuildPhase section */
		AEED0D8E2B07629C00600A9B /* Resources */ = {
			isa = PBXResourcesBuildPhase;
			buildActionMask = 2147483647;
			files = (
				AEED0DA02B07629D00600A9B /* LaunchScreen.storyboard in Resources */,
				AEED0D9D2B07629D00600A9B /* Assets.xcassets in Resources */,
				AEED0D9B2B07629C00600A9B /* Main.storyboard in Resources */,
			);
			runOnlyForDeploymentPostprocessing = 0;
		};
/* End PBXResourcesBuildPhase section */

/* Begin PBXSourcesBuildPhase section */
		AEED0D8C2B07629C00600A9B /* Sources */ = {
			isa = PBXSourcesBuildPhase;
			buildActionMask = 2147483647;
			files = (
				AEED0DB42B07656C00600A9B /* BeersCollectionViewController.swift in Sources */,
				AEED0DB22B07654300600A9B /* CustomCollectionViewCell.swift in Sources */,
				AEED96EA2B0E2034007B414B /* ImageCache.swift in Sources */,
				AEED0D942B07629C00600A9B /* AppDelegate.swift in Sources */,
				AEED0DB02B07634400600A9B /* Beer.swift in Sources */,
				AEED0DB62B07ADCC00600A9B /* DetailsViewController.swift in Sources */,
				AEED0D962B07629C00600A9B /* SceneDelegate.swift in Sources */,
				AEED0DAE2B07633500600A9B /* Networking.swift in Sources */,
			);
			runOnlyForDeploymentPostprocessing = 0;
		};
/* End PBXSourcesBuildPhase section */

/* Begin PBXVariantGroup section */
		AEED0D992B07629C00600A9B /* Main.storyboard */ = {
			isa = PBXVariantGroup;
			children = (
				AEED0D9A2B07629C00600A9B /* Base */,
			);
			name = Main.storyboard;
			sourceTree = "<group>";
		};
		AEED0D9E2B07629D00600A9B /* LaunchScreen.storyboard */ = {
			isa = PBXVariantGroup;
			children = (
				AEED0D9F2B07629D00600A9B /* Base */,
			);
			name = LaunchScreen.storyboard;
			sourceTree = "<group>";
		};
/* End PBXVariantGroup section */

/* Begin XCBuildConfiguration section */
		AEED0DA22B07629D00600A9B /* Debug */ = {
			isa = XCBuildConfiguration;
			buildSettings = {
				ALWAYS_SEARCH_USER_PATHS = NO;
				ASSETCATALOG_COMPILER_GENERATE_SWIFT_ASSET_SYMBOL_EXTENSIONS = YES;
				CLANG_ANALYZER_NONNULL = YES;
				CLANG_ANALYZER_NUMBER_OBJECT_CONVERSION = YES_AGGRESSIVE;
				CLANG_CXX_LANGUAGE_STANDARD = "gnu++20";
				CLANG_ENABLE_MODULES = YES;
				CLANG_ENABLE_OBJC_ARC = YES;
				CLANG_ENABLE_OBJC_WEAK = YES;
				CLANG_WARN_BLOCK_CAPTURE_AUTORELEASING = YES;
				CLANG_WARN_BOOL_CONVERSION = YES;
				CLANG_WARN_COMMA = YES;
				CLANG_WARN_CONSTANT_CONVERSION = YES;
				CLANG_WARN_DEPRECATED_OBJC_IMPLEMENTATIONS = YES;
				CLANG_WARN_DIRECT_OBJC_ISA_USAGE = YES_ERROR;
				CLANG_WARN_DOCUMENTATION_COMMENTS = YES;
				CLANG_WARN_EMPTY_BODY = YES;
				CLANG_WARN_ENUM_CONVERSION = YES;
				CLANG_WARN_INFINITE_RECURSION = YES;
				CLANG_WARN_INT_CONVERSION = YES;
				CLANG_WARN_NON_LITERAL_NULL_CONVERSION = YES;
				CLANG_WARN_OBJC_IMPLICIT_RETAIN_SELF = YES;
				CLANG_WARN_OBJC_LITERAL_CONVERSION = YES;
				CLANG_WARN_OBJC_ROOT_CLASS = YES_ERROR;
				CLANG_WARN_QUOTED_INCLUDE_IN_FRAMEWORK_HEADER = YES;
				CLANG_WARN_RANGE_LOOP_ANALYSIS = YES;
				CLANG_WARN_STRICT_PROTOTYPES = YES;
				CLANG_WARN_SUSPICIOUS_MOVE = YES;
				CLANG_WARN_UNGUARDED_AVAILABILITY = YES_AGGRESSIVE;
				CLANG_WARN_UNREACHABLE_CODE = YES;
				CLANG_WARN__DUPLICATE_METHOD_MATCH = YES;
				COPY_PHASE_STRIP = NO;
				DEBUG_INFORMATION_FORMAT = dwarf;
				ENABLE_STRICT_OBJC_MSGSEND = YES;
				ENABLE_TESTABILITY = YES;
				ENABLE_USER_SCRIPT_SANDBOXING = YES;
				GCC_C_LANGUAGE_STANDARD = gnu17;
				GCC_DYNAMIC_NO_PIC = NO;
				GCC_NO_COMMON_BLOCKS = YES;
				GCC_OPTIMIZATION_LEVEL = 0;
				GCC_PREPROCESSOR_DEFINITIONS = (
					"DEBUG=1",
					"$(inherited)",
				);
				GCC_WARN_64_TO_32_BIT_CONVERSION = YES;
				GCC_WARN_ABOUT_RETURN_TYPE = YES_ERROR;
				GCC_WARN_UNDECLARED_SELECTOR = YES;
				GCC_WARN_UNINITIALIZED_AUTOS = YES_AGGRESSIVE;
				GCC_WARN_UNUSED_FUNCTION = YES;
				GCC_WARN_UNUSED_VARIABLE = YES;
				IPHONEOS_DEPLOYMENT_TARGET = 17.0;
				LOCALIZATION_PREFERS_STRING_CATALOGS = YES;
				MTL_ENABLE_DEBUG_INFO = INCLUDE_SOURCE;
				MTL_FAST_MATH = YES;
				ONLY_ACTIVE_ARCH = YES;
				SDKROOT = iphoneos;
				SWIFT_ACTIVE_COMPILATION_CONDITIONS = "DEBUG $(inherited)";
				SWIFT_OPTIMIZATION_LEVEL = "-Onone";
			};
			name = Debug;
		};
		AEED0DA32B07629D00600A9B /* Release */ = {
			isa = XCBuildConfiguration;
			buildSettings = {
				ALWAYS_SEARCH_USER_PATHS = NO;
				ASSETCATALOG_COMPILER_GENERATE_SWIFT_ASSET_SYMBOL_EXTENSIONS = YES;
				CLANG_ANALYZER_NONNULL = YES;
				CLANG_ANALYZER_NUMBER_OBJECT_CONVERSION = YES_AGGRESSIVE;
				CLANG_CXX_LANGUAGE_STANDARD = "gnu++20";
				CLANG_ENABLE_MODULES = YES;
				CLANG_ENABLE_OBJC_ARC = YES;
				CLANG_ENABLE_OBJC_WEAK = YES;
				CLANG_WARN_BLOCK_CAPTURE_AUTORELEASING = YES;
				CLANG_WARN_BOOL_CONVERSION = YES;
				CLANG_WARN_COMMA = YES;
				CLANG_WARN_CONSTANT_CONVERSION = YES;
				CLANG_WARN_DEPRECATED_OBJC_IMPLEMENTATIONS = YES;
				CLANG_WARN_DIRECT_OBJC_ISA_USAGE = YES_ERROR;
				CLANG_WARN_DOCUMENTATION_COMMENTS = YES;
				CLANG_WARN_EMPTY_BODY = YES;
				CLANG_WARN_ENUM_CONVERSION = YES;
				CLANG_WARN_INFINITE_RECURSION = YES;
				CLANG_WARN_INT_CONVERSION = YES;
				CLANG_WARN_NON_LITERAL_NULL_CONVERSION = YES;
				CLANG_WARN_OBJC_IMPLICIT_RETAIN_SELF = YES;
				CLANG_WARN_OBJC_LITERAL_CONVERSION = YES;
				CLANG_WARN_OBJC_ROOT_CLASS = YES_ERROR;
				CLANG_WARN_QUOTED_INCLUDE_IN_FRAMEWORK_HEADER = YES;
				CLANG_WARN_RANGE_LOOP_ANALYSIS = YES;
				CLANG_WARN_STRICT_PROTOTYPES = YES;
				CLANG_WARN_SUSPICIOUS_MOVE = YES;
				CLANG_WARN_UNGUARDED_AVAILABILITY = YES_AGGRESSIVE;
				CLANG_WARN_UNREACHABLE_CODE = YES;
				CLANG_WARN__DUPLICATE_METHOD_MATCH = YES;
				COPY_PHASE_STRIP = NO;
				DEBUG_INFORMATION_FORMAT = "dwarf-with-dsym";
				ENABLE_NS_ASSERTIONS = NO;
				ENABLE_STRICT_OBJC_MSGSEND = YES;
				ENABLE_USER_SCRIPT_SANDBOXING = YES;
				GCC_C_LANGUAGE_STANDARD = gnu17;
				GCC_NO_COMMON_BLOCKS = YES;
				GCC_WARN_64_TO_32_BIT_CONVERSION = YES;
				GCC_WARN_ABOUT_RETURN_TYPE = YES_ERROR;
				GCC_WARN_UNDECLARED_SELECTOR = YES;
				GCC_WARN_UNINITIALIZED_AUTOS = YES_AGGRESSIVE;
				GCC_WARN_UNUSED_FUNCTION = YES;
				GCC_WARN_UNUSED_VARIABLE = YES;
				IPHONEOS_DEPLOYMENT_TARGET = 17.0;
				LOCALIZATION_PREFERS_STRING_CATALOGS = YES;
				MTL_ENABLE_DEBUG_INFO = NO;
				MTL_FAST_MATH = YES;
				SDKROOT = iphoneos;
				SWIFT_COMPILATION_MODE = wholemodule;
				VALIDATE_PRODUCT = YES;
			};
			name = Release;
		};
		AEED0DA52B07629D00600A9B /* Debug */ = {
			isa = XCBuildConfiguration;
			buildSettings = {
				ASSETCATALOG_COMPILER_APPICON_NAME = AppIcon;
				ASSETCATALOG_COMPILER_GLOBAL_ACCENT_COLOR_NAME = AccentColor;
				CODE_SIGN_STYLE = Automatic;
				CURRENT_PROJECT_VERSION = 1;
				GENERATE_INFOPLIST_FILE = YES;
				INFOPLIST_FILE = Beers/App/Info.plist;
				INFOPLIST_KEY_UIApplicationSupportsIndirectInputEvents = YES;
				INFOPLIST_KEY_UILaunchStoryboardName = LaunchScreen;
				INFOPLIST_KEY_UIMainStoryboardFile = Main;
				INFOPLIST_KEY_UISupportedInterfaceOrientations_iPad = "UIInterfaceOrientationPortrait UIInterfaceOrientationPortraitUpsideDown UIInterfaceOrientationLandscapeLeft UIInterfaceOrientationLandscapeRight";
				INFOPLIST_KEY_UISupportedInterfaceOrientations_iPhone = "UIInterfaceOrientationPortrait UIInterfaceOrientationLandscapeLeft UIInterfaceOrientationLandscapeRight";
				LD_RUNPATH_SEARCH_PATHS = (
					"$(inherited)",
					"@executable_path/Frameworks",
				);
				MARKETING_VERSION = 1.0;
				PRODUCT_BUNDLE_IDENTIFIER = YauheniYurhsa.Beers;
				PRODUCT_NAME = "$(TARGET_NAME)";
				SUPPORTED_PLATFORMS = "iphoneos iphonesimulator";
				SUPPORTS_MACCATALYST = NO;
				SUPPORTS_MAC_DESIGNED_FOR_IPHONE_IPAD = NO;
				SWIFT_EMIT_LOC_STRINGS = YES;
				SWIFT_VERSION = 5.0;
				TARGETED_DEVICE_FAMILY = 1;
			};
			name = Debug;
		};
		AEED0DA62B07629D00600A9B /* Release */ = {
			isa = XCBuildConfiguration;
			buildSettings = {
				ASSETCATALOG_COMPILER_APPICON_NAME = AppIcon;
				ASSETCATALOG_COMPILER_GLOBAL_ACCENT_COLOR_NAME = AccentColor;
				CODE_SIGN_STYLE = Automatic;
				CURRENT_PROJECT_VERSION = 1;
				GENERATE_INFOPLIST_FILE = YES;
				INFOPLIST_FILE = Beers/App/Info.plist;
				INFOPLIST_KEY_UIApplicationSupportsIndirectInputEvents = YES;
				INFOPLIST_KEY_UILaunchStoryboardName = LaunchScreen;
				INFOPLIST_KEY_UIMainStoryboardFile = Main;
				INFOPLIST_KEY_UISupportedInterfaceOrientations_iPad = "UIInterfaceOrientationPortrait UIInterfaceOrientationPortraitUpsideDown UIInterfaceOrientationLandscapeLeft UIInterfaceOrientationLandscapeRight";
				INFOPLIST_KEY_UISupportedInterfaceOrientations_iPhone = "UIInterfaceOrientationPortrait UIInterfaceOrientationLandscapeLeft UIInterfaceOrientationLandscapeRight";
				LD_RUNPATH_SEARCH_PATHS = (
					"$(inherited)",
					"@executable_path/Frameworks",
				);
				MARKETING_VERSION = 1.0;
				PRODUCT_BUNDLE_IDENTIFIER = YauheniYurhsa.Beers;
				PRODUCT_NAME = "$(TARGET_NAME)";
				SUPPORTED_PLATFORMS = "iphoneos iphonesimulator";
				SUPPORTS_MACCATALYST = NO;
				SUPPORTS_MAC_DESIGNED_FOR_IPHONE_IPAD = NO;
				SWIFT_EMIT_LOC_STRINGS = YES;
				SWIFT_VERSION = 5.0;
				TARGETED_DEVICE_FAMILY = 1;
			};
			name = Release;
		};
/* End XCBuildConfiguration section */

/* Begin XCConfigurationList section */
		AEED0D8B2B07629C00600A9B /* Build configuration list for PBXProject "Beers" */ = {
			isa = XCConfigurationList;
			buildConfigurations = (
				AEED0DA22B07629D00600A9B /* Debug */,
				AEED0DA32B07629D00600A9B /* Release */,
			);
			defaultConfigurationIsVisible = 0;
			defaultConfigurationName = Release;
		};
		AEED0DA42B07629D00600A9B /* Build configuration list for PBXNativeTarget "Beers" */ = {
			isa = XCConfigurationList;
			buildConfigurations = (
				AEED0DA52B07629D00600A9B /* Debug */,
				AEED0DA62B07629D00600A9B /* Release */,
			);
			defaultConfigurationIsVisible = 0;
			defaultConfigurationName = Release;
		};
/* End XCConfigurationList section */
	};
	rootObject = AEED0D882B07629C00600A9B /* Project object */;
}
